
Microsoft Visual Studio Solution File, Format Version 12.00
# Visual Studio Version 17
VisualStudioVersion = 17.6.33815.320
MinimumVisualStudioVersion = 10.0.40219.1
Project("{9A19103F-16F7-4668-BE54-9A1E7A4F7556}") = "GeoDraw", "GeoDraw\GeoDraw.csproj", "{38DC4ED9-E8E4-47DD-8B42-FF41DE518AB3}"
EndProject
Project("{9A19103F-16F7-4668-BE54-9A1E7A4F7556}") = "Repository", "Repository\Repository.csproj", "{0D4AFB17-309D-4680-870B-16DAE13323A5}"
EndProject
Project("{FAE04EC0-301F-11D3-BF4B-00C04F79EFBC}") = "DTO", "DTO\DTO.csproj", "{A7219E77-1F16-438C-977C-710A726AF17B}"
EndProject
Global
	GlobalSection(SolutionConfigurationPlatforms) = preSolution
		Debug|Any CPU = Debug|Any CPU
		Release|Any CPU = Release|Any CPU
	EndGlobalSection
	GlobalSection(ProjectConfigurationPlatforms) = postSolution
		{38DC4ED9-E8E4-47DD-8B42-FF41DE518AB3}.Debug|Any CPU.ActiveCfg = Debug|Any CPU
		{38DC4ED9-E8E4-47DD-8B42-FF41DE518AB3}.Debug|Any CPU.Build.0 = Debug|Any CPU
		{38DC4ED9-E8E4-47DD-8B42-FF41DE518AB3}.Release|Any CPU.ActiveCfg = Release|Any CPU
		{38DC4ED9-E8E4-47DD-8B42-FF41DE518AB3}.Release|Any CPU.Build.0 = Release|Any CPU
		{0D4AFB17-309D-4680-870B-16DAE13323A5}.Debug|Any CPU.ActiveCfg = Debug|Any CPU
		{0D4AFB17-309D-4680-870B-16DAE13323A5}.Debug|Any CPU.Build.0 = Debug|Any CPU
		{0D4AFB17-309D-4680-870B-16DAE13323A5}.Release|Any CPU.ActiveCfg = Release|Any CPU
		{0D4AFB17-309D-4680-870B-16DAE13323A5}.Release|Any CPU.Build.0 = Release|Any CPU
		{A7219E77-1F16-438C-977C-710A726AF17B}.Debug|Any CPU.ActiveCfg = Debug|Any CPU
		{A7219E77-1F16-438C-977C-710A726AF17B}.Debug|Any CPU.Build.0 = Debug|Any CPU
		{A7219E77-1F16-438C-977C-710A726AF17B}.Release|Any CPU.ActiveCfg = Release|Any CPU
		{A7219E77-1F16-438C-977C-710A726AF17B}.Release|Any CPU.Build.0 = Release|Any CPU
	EndGlobalSection
	GlobalSection(SolutionProperties) = preSolution
		HideSolutionNode = FALSE
	EndGlobalSection
	GlobalSection(ExtensibilityGlobals) = postSolution
		SolutionGuid = {AF6E2F75-CA71-433C-B347-EBA72F0B9844}
	EndGlobalSection
EndGlobal
